// !$*UTF8*$!
{
	archiveVersion = 1;
	classes = {
	};
	objectVersion = 46;
	objects = {

/* Begin PBXBuildFile section */
		2CB795331AB5F66000B982C9 /* main.m in Sources */ = {isa = PBXBuildFile; fileRef = 2CB795321AB5F66000B982C9 /* main.m */; };
		2CB795361AB5F66000B982C9 /* AppDelegate.m in Sources */ = {isa = PBXBuildFile; fileRef = 2CB795351AB5F66000B982C9 /* AppDelegate.m */; };
		2CB7953C1AB5F66000B982C9 /* Main.storyboard in Resources */ = {isa = PBXBuildFile; fileRef = 2CB7953A1AB5F66000B982C9 /* Main.storyboard */; };
		2CB7953E1AB5F66000B982C9 /* Images.xcassets in Resources */ = {isa = PBXBuildFile; fileRef = 2CB7953D1AB5F66000B982C9 /* Images.xcassets */; };
		2CB795411AB5F66000B982C9 /* LaunchScreen.xib in Resources */ = {isa = PBXBuildFile; fileRef = 2CB7953F1AB5F66000B982C9 /* LaunchScreen.xib */; };
		2CB795641AB5F9D100B982C9 /* VideoController.m in Sources */ = {isa = PBXBuildFile; fileRef = 2CB795591AB5F9D100B982C9 /* VideoController.m */; };
		2CB795651AB5F9D100B982C9 /* Camera.m in Sources */ = {isa = PBXBuildFile; fileRef = 2CB7955B1AB5F9D100B982C9 /* Camera.m */; };
		2CB795661AB5F9D100B982C9 /* DragView.m in Sources */ = {isa = PBXBuildFile; fileRef = 2CB7955D1AB5F9D100B982C9 /* DragView.m */; };
		2CB795671AB5F9D100B982C9 /* VideoLayerView.m in Sources */ = {isa = PBXBuildFile; fileRef = 2CB7955F1AB5F9D100B982C9 /* VideoLayerView.m */; };
		2CB795681AB5F9D100B982C9 /* VTDecoder.m in Sources */ = {isa = PBXBuildFile; fileRef = 2CB795611AB5F9D100B982C9 /* VTDecoder.m */; };
		2CB795691AB5F9D100B982C9 /* VTEncoder.m in Sources */ = {isa = PBXBuildFile; fileRef = 2CB795631AB5F9D100B982C9 /* VTEncoder.m */; };
		2CB7956B1AB606E600B982C9 /* PixateFreestyle.framework in Frameworks */ = {isa = PBXBuildFile; fileRef = 2CB7956A1AB606E600B982C9 /* PixateFreestyle.framework */; };
		2CB7956E1AB6075700B982C9 /* default.css in Resources */ = {isa = PBXBuildFile; fileRef = 2CB7956D1AB6075700B982C9 /* default.css */; };
		2CB795711AB6205100B982C9 /* ContactsController.m in Sources */ = {isa = PBXBuildFile; fileRef = 2CB795701AB6205100B982C9 /* ContactsController.m */; };
		2CE40FD41AB6E76200234135 /* ProfileController.m in Sources */ = {isa = PBXBuildFile; fileRef = 2CE40FD31AB6E76200234135 /* ProfileController.m */; };
		2CE40FF61AB6F12300234135 /* IQNSArray+Sort.m in Sources */ = {isa = PBXBuildFile; fileRef = 2CE40FD81AB6F12300234135 /* IQNSArray+Sort.m */; };
		2CE40FF71AB6F12300234135 /* IQUIView+Hierarchy.m in Sources */ = {isa = PBXBuildFile; fileRef = 2CE40FDA1AB6F12300234135 /* IQUIView+Hierarchy.m */; };
		2CE40FF81AB6F12300234135 /* IQUIWindow+Hierarchy.m in Sources */ = {isa = PBXBuildFile; fileRef = 2CE40FDC1AB6F12300234135 /* IQUIWindow+Hierarchy.m */; };
		2CE40FF91AB6F12300234135 /* IQKeyboardManager.m in Sources */ = {isa = PBXBuildFile; fileRef = 2CE40FE11AB6F12300234135 /* IQKeyboardManager.m */; };
		2CE40FFA1AB6F12300234135 /* IQKeyboardReturnKeyHandler.m in Sources */ = {isa = PBXBuildFile; fileRef = 2CE40FE31AB6F12300234135 /* IQKeyboardReturnKeyHandler.m */; };
		2CE40FFB1AB6F12300234135 /* IQSegmentedNextPrevious.m in Sources */ = {isa = PBXBuildFile; fileRef = 2CE40FE61AB6F12300234135 /* IQSegmentedNextPrevious.m */; };
		2CE40FFC1AB6F12300234135 /* IQTextView.m in Sources */ = {isa = PBXBuildFile; fileRef = 2CE40FE91AB6F12300234135 /* IQTextView.m */; };
		2CE40FFD1AB6F12300234135 /* IQBarButtonItem.m in Sources */ = {isa = PBXBuildFile; fileRef = 2CE40FEC1AB6F12300234135 /* IQBarButtonItem.m */; };
		2CE40FFE1AB6F12300234135 /* IQTitleBarButtonItem.m in Sources */ = {isa = PBXBuildFile; fileRef = 2CE40FEE1AB6F12300234135 /* IQTitleBarButtonItem.m */; };
		2CE40FFF1AB6F12300234135 /* IQToolbar.m in Sources */ = {isa = PBXBuildFile; fileRef = 2CE40FF01AB6F12300234135 /* IQToolbar.m */; };
		2CE410001AB6F12300234135 /* IQUIView+IQKeyboardToolbar.m in Sources */ = {isa = PBXBuildFile; fileRef = 2CE40FF21AB6F12300234135 /* IQUIView+IQKeyboardToolbar.m */; };
		2CE410011AB6F12300234135 /* IQKeyboardManager.bundle in Resources */ = {isa = PBXBuildFile; fileRef = 2CE40FF51AB6F12300234135 /* IQKeyboardManager.bundle */; };
		2CE410041AB6F6A500234135 /* Bolts.framework in Frameworks */ = {isa = PBXBuildFile; fileRef = 2CE410021AB6F6A500234135 /* Bolts.framework */; };
		2CE410051AB6F6A500234135 /* Parse.framework in Frameworks */ = {isa = PBXBuildFile; fileRef = 2CE410031AB6F6A500234135 /* Parse.framework */; };
		2CE410071AB6F86E00234135 /* libsqlite3.dylib in Frameworks */ = {isa = PBXBuildFile; fileRef = 2CE410061AB6F86E00234135 /* libsqlite3.dylib */; };
		2CE410091AB6F8BD00234135 /* SystemConfiguration.framework in Frameworks */ = {isa = PBXBuildFile; fileRef = 2CE410081AB6F8BD00234135 /* SystemConfiguration.framework */; };
		2CE4100B1AB6F8DA00234135 /* MobileCoreServices.framework in Frameworks */ = {isa = PBXBuildFile; fileRef = 2CE4100A1AB6F8DA00234135 /* MobileCoreServices.framework */; };
		2CE4100D1AB6F95100234135 /* libz.dylib in Frameworks */ = {isa = PBXBuildFile; fileRef = 2CE4100C1AB6F95100234135 /* libz.dylib */; };
		2CE410111AB6FB9B00234135 /* Storage.m in Sources */ = {isa = PBXBuildFile; fileRef = 2CE410101AB6FB9B00234135 /* Storage.m */; };
		2CE410151AB70D4500234135 /* MBProgressHUD.m in Sources */ = {isa = PBXBuildFile; fileRef = 2CE410141AB70D4500234135 /* MBProgressHUD.m */; };
		2CE410181AB71DBF00234135 /* AddContactController.m in Sources */ = {isa = PBXBuildFile; fileRef = 2CE410171AB71DBF00234135 /* AddContactController.m */; };
		2CE4101B1AB7413E00234135 /* ContactModel.xcdatamodeld in Sources */ = {isa = PBXBuildFile; fileRef = 2CE410191AB7413E00234135 /* ContactModel.xcdatamodeld */; };
		2CE4101E1AB7425200234135 /* Contact.m in Sources */ = {isa = PBXBuildFile; fileRef = 2CE4101D1AB7425200234135 /* Contact.m */; };
		2CE410271AB7628100234135 /* Social.framework in Frameworks */ = {isa = PBXBuildFile; fileRef = 2CE410261AB7628100234135 /* Social.framework */; };
		2CE4102B1AB7636200234135 /* Accounts.framework in Frameworks */ = {isa = PBXBuildFile; fileRef = 2CE4102A1AB7636200234135 /* Accounts.framework */; };
		2CE4102F1AB76D6D00234135 /* CallController.m in Sources */ = {isa = PBXBuildFile; fileRef = 2CE4102E1AB76D6D00234135 /* CallController.m */; };
		2CE410491AB782C800234135 /* tmp-0.gif in Resources */ = {isa = PBXBuildFile; fileRef = 2CE410311AB782C800234135 /* tmp-0.gif */; };
		2CE4104A1AB782C800234135 /* tmp-1.gif in Resources */ = {isa = PBXBuildFile; fileRef = 2CE410321AB782C800234135 /* tmp-1.gif */; };
		2CE4104B1AB782C800234135 /* tmp-10.gif in Resources */ = {isa = PBXBuildFile; fileRef = 2CE410331AB782C800234135 /* tmp-10.gif */; };
		2CE4104C1AB782C800234135 /* tmp-11.gif in Resources */ = {isa = PBXBuildFile; fileRef = 2CE410341AB782C800234135 /* tmp-11.gif */; };
		2CE4104D1AB782C800234135 /* tmp-12.gif in Resources */ = {isa = PBXBuildFile; fileRef = 2CE410351AB782C800234135 /* tmp-12.gif */; };
		2CE4104E1AB782C800234135 /* tmp-13.gif in Resources */ = {isa = PBXBuildFile; fileRef = 2CE410361AB782C800234135 /* tmp-13.gif */; };
		2CE4104F1AB782C800234135 /* tmp-14.gif in Resources */ = {isa = PBXBuildFile; fileRef = 2CE410371AB782C800234135 /* tmp-14.gif */; };
		2CE410501AB782C800234135 /* tmp-15.gif in Resources */ = {isa = PBXBuildFile; fileRef = 2CE410381AB782C800234135 /* tmp-15.gif */; };
		2CE410511AB782C800234135 /* tmp-16.gif in Resources */ = {isa = PBXBuildFile; fileRef = 2CE410391AB782C800234135 /* tmp-16.gif */; };
		2CE410521AB782C800234135 /* tmp-17.gif in Resources */ = {isa = PBXBuildFile; fileRef = 2CE4103A1AB782C800234135 /* tmp-17.gif */; };
		2CE410531AB782C800234135 /* tmp-18.gif in Resources */ = {isa = PBXBuildFile; fileRef = 2CE4103B1AB782C800234135 /* tmp-18.gif */; };
		2CE410541AB782C800234135 /* tmp-19.gif in Resources */ = {isa = PBXBuildFile; fileRef = 2CE4103C1AB782C800234135 /* tmp-19.gif */; };
		2CE410551AB782C800234135 /* tmp-2.gif in Resources */ = {isa = PBXBuildFile; fileRef = 2CE4103D1AB782C800234135 /* tmp-2.gif */; };
		2CE410561AB782C800234135 /* tmp-20.gif in Resources */ = {isa = PBXBuildFile; fileRef = 2CE4103E1AB782C800234135 /* tmp-20.gif */; };
		2CE410571AB782C800234135 /* tmp-21.gif in Resources */ = {isa = PBXBuildFile; fileRef = 2CE4103F1AB782C800234135 /* tmp-21.gif */; };
		2CE410581AB782C800234135 /* tmp-22.gif in Resources */ = {isa = PBXBuildFile; fileRef = 2CE410401AB782C800234135 /* tmp-22.gif */; };
		2CE410591AB782C800234135 /* tmp-23.gif in Resources */ = {isa = PBXBuildFile; fileRef = 2CE410411AB782C800234135 /* tmp-23.gif */; };
		2CE4105A1AB782C800234135 /* tmp-3.gif in Resources */ = {isa = PBXBuildFile; fileRef = 2CE410421AB782C800234135 /* tmp-3.gif */; };
		2CE4105B1AB782C800234135 /* tmp-4.gif in Resources */ = {isa = PBXBuildFile; fileRef = 2CE410431AB782C800234135 /* tmp-4.gif */; };
		2CE4105C1AB782C800234135 /* tmp-5.gif in Resources */ = {isa = PBXBuildFile; fileRef = 2CE410441AB782C800234135 /* tmp-5.gif */; };
		2CE4105D1AB782C800234135 /* tmp-6.gif in Resources */ = {isa = PBXBuildFile; fileRef = 2CE410451AB782C800234135 /* tmp-6.gif */; };
		2CE4105E1AB782C800234135 /* tmp-7.gif in Resources */ = {isa = PBXBuildFile; fileRef = 2CE410461AB782C800234135 /* tmp-7.gif */; };
		2CE4105F1AB782C800234135 /* tmp-8.gif in Resources */ = {isa = PBXBuildFile; fileRef = 2CE410471AB782C800234135 /* tmp-8.gif */; };
		2CE410601AB782C800234135 /* tmp-9.gif in Resources */ = {isa = PBXBuildFile; fileRef = 2CE410481AB782C800234135 /* tmp-9.gif */; };
		2CE410661AB788A400234135 /* busy.wav in Resources */ = {isa = PBXBuildFile; fileRef = 2CE410621AB788A400234135 /* busy.wav */; };
		2CE410671AB788A400234135 /* calling.wav in Resources */ = {isa = PBXBuildFile; fileRef = 2CE410631AB788A400234135 /* calling.wav */; };
		2CE410681AB788A400234135 /* end_of_call.wav in Resources */ = {isa = PBXBuildFile; fileRef = 2CE410641AB788A400234135 /* end_of_call.wav */; };
		2CE410691AB788A400234135 /* ringtone.wav in Resources */ = {isa = PBXBuildFile; fileRef = 2CE410651AB788A400234135 /* ringtone.wav */; };
		666173EA6A30380262846827 /* libPods.a in Frameworks */ = {isa = PBXBuildFile; fileRef = 009ACA1DC0EEF368381BB266 /* libPods.a */; };
/* End PBXBuildFile section */

/* Begin PBXFileReference section */
		009ACA1DC0EEF368381BB266 /* libPods.a */ = {isa = PBXFileReference; explicitFileType = archive.ar; includeInIndex = 0; path = libPods.a; sourceTree = BUILT_PRODUCTS_DIR; };
		2CB7952D1AB5F66000B982C9 /* v-Channel.app */ = {isa = PBXFileReference; explicitFileType = wrapper.application; includeInIndex = 0; path = "v-Channel.app"; sourceTree = BUILT_PRODUCTS_DIR; };
		2CB795311AB5F66000B982C9 /* Info.plist */ = {isa = PBXFileReference; lastKnownFileType = text.plist.xml; path = Info.plist; sourceTree = "<group>"; };
		2CB795321AB5F66000B982C9 /* main.m */ = {isa = PBXFileReference; lastKnownFileType = sourcecode.c.objc; path = main.m; sourceTree = "<group>"; };
		2CB795341AB5F66000B982C9 /* AppDelegate.h */ = {isa = PBXFileReference; lastKnownFileType = sourcecode.c.h; path = AppDelegate.h; sourceTree = "<group>"; };
		2CB795351AB5F66000B982C9 /* AppDelegate.m */ = {isa = PBXFileReference; lastKnownFileType = sourcecode.c.objc; path = AppDelegate.m; sourceTree = "<group>"; };
		2CB7953B1AB5F66000B982C9 /* Base */ = {isa = PBXFileReference; lastKnownFileType = file.storyboard; name = Base; path = Base.lproj/Main.storyboard; sourceTree = "<group>"; };
		2CB7953D1AB5F66000B982C9 /* Images.xcassets */ = {isa = PBXFileReference; lastKnownFileType = folder.assetcatalog; path = Images.xcassets; sourceTree = "<group>"; };
		2CB795401AB5F66000B982C9 /* Base */ = {isa = PBXFileReference; lastKnownFileType = file.xib; name = Base; path = Base.lproj/LaunchScreen.xib; sourceTree = "<group>"; };
		2CB795581AB5F9D100B982C9 /* VideoController.h */ = {isa = PBXFileReference; fileEncoding = 4; lastKnownFileType = sourcecode.c.h; name = VideoController.h; path = "Video Call/VideoController.h"; sourceTree = "<group>"; };
		2CB795591AB5F9D100B982C9 /* VideoController.m */ = {isa = PBXFileReference; fileEncoding = 4; lastKnownFileType = sourcecode.c.objc; name = VideoController.m; path = "Video Call/VideoController.m"; sourceTree = "<group>"; };
		2CB7955A1AB5F9D100B982C9 /* Camera.h */ = {isa = PBXFileReference; fileEncoding = 4; lastKnownFileType = sourcecode.c.h; name = Camera.h; path = "Video Call/Camera.h"; sourceTree = "<group>"; };
		2CB7955B1AB5F9D100B982C9 /* Camera.m */ = {isa = PBXFileReference; fileEncoding = 4; lastKnownFileType = sourcecode.c.objc; name = Camera.m; path = "Video Call/Camera.m"; sourceTree = "<group>"; };
		2CB7955C1AB5F9D100B982C9 /* DragView.h */ = {isa = PBXFileReference; fileEncoding = 4; lastKnownFileType = sourcecode.c.h; name = DragView.h; path = "Video Call/DragView.h"; sourceTree = "<group>"; };
		2CB7955D1AB5F9D100B982C9 /* DragView.m */ = {isa = PBXFileReference; fileEncoding = 4; lastKnownFileType = sourcecode.c.objc; name = DragView.m; path = "Video Call/DragView.m"; sourceTree = "<group>"; };
		2CB7955E1AB5F9D100B982C9 /* VideoLayerView.h */ = {isa = PBXFileReference; fileEncoding = 4; lastKnownFileType = sourcecode.c.h; name = VideoLayerView.h; path = "Video Call/VideoLayerView.h"; sourceTree = "<group>"; };
		2CB7955F1AB5F9D100B982C9 /* VideoLayerView.m */ = {isa = PBXFileReference; fileEncoding = 4; lastKnownFileType = sourcecode.c.objc; name = VideoLayerView.m; path = "Video Call/VideoLayerView.m"; sourceTree = "<group>"; };
		2CB795601AB5F9D100B982C9 /* VTDecoder.h */ = {isa = PBXFileReference; fileEncoding = 4; lastKnownFileType = sourcecode.c.h; name = VTDecoder.h; path = "Video Call/VTDecoder.h"; sourceTree = "<group>"; };
		2CB795611AB5F9D100B982C9 /* VTDecoder.m */ = {isa = PBXFileReference; fileEncoding = 4; lastKnownFileType = sourcecode.c.objc; name = VTDecoder.m; path = "Video Call/VTDecoder.m"; sourceTree = "<group>"; };
		2CB795621AB5F9D100B982C9 /* VTEncoder.h */ = {isa = PBXFileReference; fileEncoding = 4; lastKnownFileType = sourcecode.c.h; name = VTEncoder.h; path = "Video Call/VTEncoder.h"; sourceTree = "<group>"; };
		2CB795631AB5F9D100B982C9 /* VTEncoder.m */ = {isa = PBXFileReference; fileEncoding = 4; lastKnownFileType = sourcecode.c.objc; name = VTEncoder.m; path = "Video Call/VTEncoder.m"; sourceTree = "<group>"; };
		2CB7956A1AB606E600B982C9 /* PixateFreestyle.framework */ = {isa = PBXFileReference; lastKnownFileType = wrapper.framework; name = PixateFreestyle.framework; path = /Users/sseitov/Documents/SDK/PixateFreestyle/PixateFreestyle.framework; sourceTree = "<absolute>"; };
		2CB7956D1AB6075700B982C9 /* default.css */ = {isa = PBXFileReference; fileEncoding = 4; lastKnownFileType = text.css; path = default.css; sourceTree = SOURCE_ROOT; };
		2CB7956F1AB6205100B982C9 /* ContactsController.h */ = {isa = PBXFileReference; fileEncoding = 4; lastKnownFileType = sourcecode.c.h; path = ContactsController.h; sourceTree = "<group>"; };
		2CB795701AB6205100B982C9 /* ContactsController.m */ = {isa = PBXFileReference; fileEncoding = 4; lastKnownFileType = sourcecode.c.objc; path = ContactsController.m; sourceTree = "<group>"; };
		2CE40FD21AB6E76200234135 /* ProfileController.h */ = {isa = PBXFileReference; fileEncoding = 4; lastKnownFileType = sourcecode.c.h; path = ProfileController.h; sourceTree = "<group>"; };
		2CE40FD31AB6E76200234135 /* ProfileController.m */ = {isa = PBXFileReference; fileEncoding = 4; lastKnownFileType = sourcecode.c.objc; path = ProfileController.m; sourceTree = "<group>"; };
		2CE40FD71AB6F12300234135 /* IQNSArray+Sort.h */ = {isa = PBXFileReference; fileEncoding = 4; lastKnownFileType = sourcecode.c.h; path = "IQNSArray+Sort.h"; sourceTree = "<group>"; };
		2CE40FD81AB6F12300234135 /* IQNSArray+Sort.m */ = {isa = PBXFileReference; fileEncoding = 4; lastKnownFileType = sourcecode.c.objc; path = "IQNSArray+Sort.m"; sourceTree = "<group>"; };
		2CE40FD91AB6F12300234135 /* IQUIView+Hierarchy.h */ = {isa = PBXFileReference; fileEncoding = 4; lastKnownFileType = sourcecode.c.h; path = "IQUIView+Hierarchy.h"; sourceTree = "<group>"; };
		2CE40FDA1AB6F12300234135 /* IQUIView+Hierarchy.m */ = {isa = PBXFileReference; fileEncoding = 4; lastKnownFileType = sourcecode.c.objc; path = "IQUIView+Hierarchy.m"; sourceTree = "<group>"; };
		2CE40FDB1AB6F12300234135 /* IQUIWindow+Hierarchy.h */ = {isa = PBXFileReference; fileEncoding = 4; lastKnownFileType = sourcecode.c.h; path = "IQUIWindow+Hierarchy.h"; sourceTree = "<group>"; };
		2CE40FDC1AB6F12300234135 /* IQUIWindow+Hierarchy.m */ = {isa = PBXFileReference; fileEncoding = 4; lastKnownFileType = sourcecode.c.objc; path = "IQUIWindow+Hierarchy.m"; sourceTree = "<group>"; };
		2CE40FDE1AB6F12300234135 /* IQKeyboardManagerConstants.h */ = {isa = PBXFileReference; fileEncoding = 4; lastKnownFileType = sourcecode.c.h; path = IQKeyboardManagerConstants.h; sourceTree = "<group>"; };
		2CE40FDF1AB6F12300234135 /* IQKeyboardManagerConstantsInternal.h */ = {isa = PBXFileReference; fileEncoding = 4; lastKnownFileType = sourcecode.c.h; path = IQKeyboardManagerConstantsInternal.h; sourceTree = "<group>"; };
		2CE40FE01AB6F12300234135 /* IQKeyboardManager.h */ = {isa = PBXFileReference; fileEncoding = 4; lastKnownFileType = sourcecode.c.h; path = IQKeyboardManager.h; sourceTree = "<group>"; };
		2CE40FE11AB6F12300234135 /* IQKeyboardManager.m */ = {isa = PBXFileReference; fileEncoding = 4; lastKnownFileType = sourcecode.c.objc; path = IQKeyboardManager.m; sourceTree = "<group>"; };
		2CE40FE21AB6F12300234135 /* IQKeyboardReturnKeyHandler.h */ = {isa = PBXFileReference; fileEncoding = 4; lastKnownFileType = sourcecode.c.h; path = IQKeyboardReturnKeyHandler.h; sourceTree = "<group>"; };
		2CE40FE31AB6F12300234135 /* IQKeyboardReturnKeyHandler.m */ = {isa = PBXFileReference; fileEncoding = 4; lastKnownFileType = sourcecode.c.objc; path = IQKeyboardReturnKeyHandler.m; sourceTree = "<group>"; };
		2CE40FE51AB6F12300234135 /* IQSegmentedNextPrevious.h */ = {isa = PBXFileReference; fileEncoding = 4; lastKnownFileType = sourcecode.c.h; path = IQSegmentedNextPrevious.h; sourceTree = "<group>"; };
		2CE40FE61AB6F12300234135 /* IQSegmentedNextPrevious.m */ = {isa = PBXFileReference; fileEncoding = 4; lastKnownFileType = sourcecode.c.objc; path = IQSegmentedNextPrevious.m; sourceTree = "<group>"; };
		2CE40FE81AB6F12300234135 /* IQTextView.h */ = {isa = PBXFileReference; fileEncoding = 4; lastKnownFileType = sourcecode.c.h; path = IQTextView.h; sourceTree = "<group>"; };
		2CE40FE91AB6F12300234135 /* IQTextView.m */ = {isa = PBXFileReference; fileEncoding = 4; lastKnownFileType = sourcecode.c.objc; path = IQTextView.m; sourceTree = "<group>"; };
		2CE40FEB1AB6F12300234135 /* IQBarButtonItem.h */ = {isa = PBXFileReference; fileEncoding = 4; lastKnownFileType = sourcecode.c.h; path = IQBarButtonItem.h; sourceTree = "<group>"; };
		2CE40FEC1AB6F12300234135 /* IQBarButtonItem.m */ = {isa = PBXFileReference; fileEncoding = 4; lastKnownFileType = sourcecode.c.objc; path = IQBarButtonItem.m; sourceTree = "<group>"; };
		2CE40FED1AB6F12300234135 /* IQTitleBarButtonItem.h */ = {isa = PBXFileReference; fileEncoding = 4; lastKnownFileType = sourcecode.c.h; path = IQTitleBarButtonItem.h; sourceTree = "<group>"; };
		2CE40FEE1AB6F12300234135 /* IQTitleBarButtonItem.m */ = {isa = PBXFileReference; fileEncoding = 4; lastKnownFileType = sourcecode.c.objc; path = IQTitleBarButtonItem.m; sourceTree = "<group>"; };
		2CE40FEF1AB6F12300234135 /* IQToolbar.h */ = {isa = PBXFileReference; fileEncoding = 4; lastKnownFileType = sourcecode.c.h; path = IQToolbar.h; sourceTree = "<group>"; };
		2CE40FF01AB6F12300234135 /* IQToolbar.m */ = {isa = PBXFileReference; fileEncoding = 4; lastKnownFileType = sourcecode.c.objc; path = IQToolbar.m; sourceTree = "<group>"; };
		2CE40FF11AB6F12300234135 /* IQUIView+IQKeyboardToolbar.h */ = {isa = PBXFileReference; fileEncoding = 4; lastKnownFileType = sourcecode.c.h; path = "IQUIView+IQKeyboardToolbar.h"; sourceTree = "<group>"; };
		2CE40FF21AB6F12300234135 /* IQUIView+IQKeyboardToolbar.m */ = {isa = PBXFileReference; fileEncoding = 4; lastKnownFileType = sourcecode.c.objc; path = "IQUIView+IQKeyboardToolbar.m"; sourceTree = "<group>"; };
		2CE40FF31AB6F12300234135 /* KeyboardManager.h */ = {isa = PBXFileReference; fileEncoding = 4; lastKnownFileType = sourcecode.c.h; path = KeyboardManager.h; sourceTree = "<group>"; };
		2CE40FF51AB6F12300234135 /* IQKeyboardManager.bundle */ = {isa = PBXFileReference; lastKnownFileType = "wrapper.plug-in"; path = IQKeyboardManager.bundle; sourceTree = "<group>"; };
		2CE410021AB6F6A500234135 /* Bolts.framework */ = {isa = PBXFileReference; lastKnownFileType = wrapper.framework; name = Bolts.framework; path = /Users/sseitov/Documents/SDK/parse/Bolts.framework; sourceTree = "<absolute>"; };
		2CE410031AB6F6A500234135 /* Parse.framework */ = {isa = PBXFileReference; lastKnownFileType = wrapper.framework; name = Parse.framework; path = /Users/sseitov/Documents/SDK/parse/Parse.framework; sourceTree = "<absolute>"; };
		2CE410061AB6F86E00234135 /* libsqlite3.dylib */ = {isa = PBXFileReference; lastKnownFileType = "compiled.mach-o.dylib"; name = libsqlite3.dylib; path = usr/lib/libsqlite3.dylib; sourceTree = SDKROOT; };
		2CE410081AB6F8BD00234135 /* SystemConfiguration.framework */ = {isa = PBXFileReference; lastKnownFileType = wrapper.framework; name = SystemConfiguration.framework; path = System/Library/Frameworks/SystemConfiguration.framework; sourceTree = SDKROOT; };
		2CE4100A1AB6F8DA00234135 /* MobileCoreServices.framework */ = {isa = PBXFileReference; lastKnownFileType = wrapper.framework; name = MobileCoreServices.framework; path = System/Library/Frameworks/MobileCoreServices.framework; sourceTree = SDKROOT; };
		2CE4100C1AB6F95100234135 /* libz.dylib */ = {isa = PBXFileReference; lastKnownFileType = "compiled.mach-o.dylib"; name = libz.dylib; path = usr/lib/libz.dylib; sourceTree = SDKROOT; };
		2CE4100F1AB6FB9B00234135 /* Storage.h */ = {isa = PBXFileReference; fileEncoding = 4; lastKnownFileType = sourcecode.c.h; path = Storage.h; sourceTree = "<group>"; };
		2CE410101AB6FB9B00234135 /* Storage.m */ = {isa = PBXFileReference; fileEncoding = 4; lastKnownFileType = sourcecode.c.objc; path = Storage.m; sourceTree = "<group>"; };
		2CE410131AB70D4500234135 /* MBProgressHUD.h */ = {isa = PBXFileReference; fileEncoding = 4; lastKnownFileType = sourcecode.c.h; name = MBProgressHUD.h; path = MBProgressHUD/MBProgressHUD.h; sourceTree = "<group>"; };
		2CE410141AB70D4500234135 /* MBProgressHUD.m */ = {isa = PBXFileReference; fileEncoding = 4; lastKnownFileType = sourcecode.c.objc; name = MBProgressHUD.m; path = MBProgressHUD/MBProgressHUD.m; sourceTree = "<group>"; };
		2CE410161AB71DBF00234135 /* AddContactController.h */ = {isa = PBXFileReference; fileEncoding = 4; lastKnownFileType = sourcecode.c.h; path = AddContactController.h; sourceTree = "<group>"; };
		2CE410171AB71DBF00234135 /* AddContactController.m */ = {isa = PBXFileReference; fileEncoding = 4; lastKnownFileType = sourcecode.c.objc; path = AddContactController.m; sourceTree = "<group>"; };
		2CE4101A1AB7413E00234135 /* ContactModel.xcdatamodel */ = {isa = PBXFileReference; lastKnownFileType = wrapper.xcdatamodel; path = ContactModel.xcdatamodel; sourceTree = "<group>"; };
		2CE4101C1AB7425200234135 /* Contact.h */ = {isa = PBXFileReference; fileEncoding = 4; lastKnownFileType = sourcecode.c.h; path = Contact.h; sourceTree = "<group>"; };
		2CE4101D1AB7425200234135 /* Contact.m */ = {isa = PBXFileReference; fileEncoding = 4; lastKnownFileType = sourcecode.c.objc; path = Contact.m; sourceTree = "<group>"; };
		2CE410221AB761EB00234135 /* ParseUI.framework */ = {isa = PBXFileReference; lastKnownFileType = wrapper.framework; name = ParseUI.framework; path = /Users/sseitov/Documents/SDK/parse/ParseUI.framework; sourceTree = "<absolute>"; };
		2CE410241AB7620F00234135 /* ParseFacebookUtils.framework */ = {isa = PBXFileReference; lastKnownFileType = wrapper.framework; name = ParseFacebookUtils.framework; path = /Users/sseitov/Documents/SDK/parse/ParseFacebookUtils.framework; sourceTree = "<absolute>"; };
		2CE410261AB7628100234135 /* Social.framework */ = {isa = PBXFileReference; lastKnownFileType = wrapper.framework; name = Social.framework; path = System/Library/Frameworks/Social.framework; sourceTree = SDKROOT; };
		2CE410281AB762A900234135 /* StoreKit.framework */ = {isa = PBXFileReference; lastKnownFileType = wrapper.framework; name = StoreKit.framework; path = System/Library/Frameworks/StoreKit.framework; sourceTree = SDKROOT; };
		2CE4102A1AB7636200234135 /* Accounts.framework */ = {isa = PBXFileReference; lastKnownFileType = wrapper.framework; name = Accounts.framework; path = System/Library/Frameworks/Accounts.framework; sourceTree = SDKROOT; };
		2CE4102D1AB76D6D00234135 /* CallController.h */ = {isa = PBXFileReference; fileEncoding = 4; lastKnownFileType = sourcecode.c.h; path = CallController.h; sourceTree = "<group>"; };
		2CE4102E1AB76D6D00234135 /* CallController.m */ = {isa = PBXFileReference; fileEncoding = 4; lastKnownFileType = sourcecode.c.objc; path = CallController.m; sourceTree = "<group>"; };
		2CE410311AB782C800234135 /* tmp-0.gif */ = {isa = PBXFileReference; lastKnownFileType = image.gif; path = "tmp-0.gif"; sourceTree = "<group>"; };
		2CE410321AB782C800234135 /* tmp-1.gif */ = {isa = PBXFileReference; lastKnownFileType = image.gif; path = "tmp-1.gif"; sourceTree = "<group>"; };
		2CE410331AB782C800234135 /* tmp-10.gif */ = {isa = PBXFileReference; lastKnownFileType = image.gif; path = "tmp-10.gif"; sourceTree = "<group>"; };
		2CE410341AB782C800234135 /* tmp-11.gif */ = {isa = PBXFileReference; lastKnownFileType = image.gif; path = "tmp-11.gif"; sourceTree = "<group>"; };
		2CE410351AB782C800234135 /* tmp-12.gif */ = {isa = PBXFileReference; lastKnownFileType = image.gif; path = "tmp-12.gif"; sourceTree = "<group>"; };
		2CE410361AB782C800234135 /* tmp-13.gif */ = {isa = PBXFileReference; lastKnownFileType = image.gif; path = "tmp-13.gif"; sourceTree = "<group>"; };
		2CE410371AB782C800234135 /* tmp-14.gif */ = {isa = PBXFileReference; lastKnownFileType = image.gif; path = "tmp-14.gif"; sourceTree = "<group>"; };
		2CE410381AB782C800234135 /* tmp-15.gif */ = {isa = PBXFileReference; lastKnownFileType = image.gif; path = "tmp-15.gif"; sourceTree = "<group>"; };
		2CE410391AB782C800234135 /* tmp-16.gif */ = {isa = PBXFileReference; lastKnownFileType = image.gif; path = "tmp-16.gif"; sourceTree = "<group>"; };
		2CE4103A1AB782C800234135 /* tmp-17.gif */ = {isa = PBXFileReference; lastKnownFileType = image.gif; path = "tmp-17.gif"; sourceTree = "<group>"; };
		2CE4103B1AB782C800234135 /* tmp-18.gif */ = {isa = PBXFileReference; lastKnownFileType = image.gif; path = "tmp-18.gif"; sourceTree = "<group>"; };
		2CE4103C1AB782C800234135 /* tmp-19.gif */ = {isa = PBXFileReference; lastKnownFileType = image.gif; path = "tmp-19.gif"; sourceTree = "<group>"; };
		2CE4103D1AB782C800234135 /* tmp-2.gif */ = {isa = PBXFileReference; lastKnownFileType = image.gif; path = "tmp-2.gif"; sourceTree = "<group>"; };
		2CE4103E1AB782C800234135 /* tmp-20.gif */ = {isa = PBXFileReference; lastKnownFileType = image.gif; path = "tmp-20.gif"; sourceTree = "<group>"; };
		2CE4103F1AB782C800234135 /* tmp-21.gif */ = {isa = PBXFileReference; lastKnownFileType = image.gif; path = "tmp-21.gif"; sourceTree = "<group>"; };
		2CE410401AB782C800234135 /* tmp-22.gif */ = {isa = PBXFileReference; lastKnownFileType = image.gif; path = "tmp-22.gif"; sourceTree = "<group>"; };
		2CE410411AB782C800234135 /* tmp-23.gif */ = {isa = PBXFileReference; lastKnownFileType = image.gif; path = "tmp-23.gif"; sourceTree = "<group>"; };
		2CE410421AB782C800234135 /* tmp-3.gif */ = {isa = PBXFileReference; lastKnownFileType = image.gif; path = "tmp-3.gif"; sourceTree = "<group>"; };
		2CE410431AB782C800234135 /* tmp-4.gif */ = {isa = PBXFileReference; lastKnownFileType = image.gif; path = "tmp-4.gif"; sourceTree = "<group>"; };
		2CE410441AB782C800234135 /* tmp-5.gif */ = {isa = PBXFileReference; lastKnownFileType = image.gif; path = "tmp-5.gif"; sourceTree = "<group>"; };
		2CE410451AB782C800234135 /* tmp-6.gif */ = {isa = PBXFileReference; lastKnownFileType = image.gif; path = "tmp-6.gif"; sourceTree = "<group>"; };
		2CE410461AB782C800234135 /* tmp-7.gif */ = {isa = PBXFileReference; lastKnownFileType = image.gif; path = "tmp-7.gif"; sourceTree = "<group>"; };
		2CE410471AB782C800234135 /* tmp-8.gif */ = {isa = PBXFileReference; lastKnownFileType = image.gif; path = "tmp-8.gif"; sourceTree = "<group>"; };
		2CE410481AB782C800234135 /* tmp-9.gif */ = {isa = PBXFileReference; lastKnownFileType = image.gif; path = "tmp-9.gif"; sourceTree = "<group>"; };
		2CE410621AB788A400234135 /* busy.wav */ = {isa = PBXFileReference; lastKnownFileType = audio.wav; path = busy.wav; sourceTree = "<group>"; };
		2CE410631AB788A400234135 /* calling.wav */ = {isa = PBXFileReference; lastKnownFileType = audio.wav; path = calling.wav; sourceTree = "<group>"; };
		2CE410641AB788A400234135 /* end_of_call.wav */ = {isa = PBXFileReference; lastKnownFileType = audio.wav; path = end_of_call.wav; sourceTree = "<group>"; };
		2CE410651AB788A400234135 /* ringtone.wav */ = {isa = PBXFileReference; lastKnownFileType = audio.wav; path = ringtone.wav; sourceTree = "<group>"; };
		4709844339A5F1D177F671A8 /* Pods.debug.xcconfig */ = {isa = PBXFileReference; includeInIndex = 1; lastKnownFileType = text.xcconfig; name = Pods.debug.xcconfig; path = "Pods/Target Support Files/Pods/Pods.debug.xcconfig"; sourceTree = "<group>"; };
		877D9DAD7638C40F1CD0945B /* Pods.release.xcconfig */ = {isa = PBXFileReference; includeInIndex = 1; lastKnownFileType = text.xcconfig; name = Pods.release.xcconfig; path = "Pods/Target Support Files/Pods/Pods.release.xcconfig"; sourceTree = "<group>"; };
/* End PBXFileReference section */

/* Begin PBXFrameworksBuildPhase section */
		2CB7952A1AB5F66000B982C9 /* Frameworks */ = {
			isa = PBXFrameworksBuildPhase;
			buildActionMask = 2147483647;
			files = (
				2CE4102B1AB7636200234135 /* Accounts.framework in Frameworks */,
				2CE410271AB7628100234135 /* Social.framework in Frameworks */,
				666173EA6A30380262846827 /* libPods.a in Frameworks */,
				2CE4100D1AB6F95100234135 /* libz.dylib in Frameworks */,
				2CE410071AB6F86E00234135 /* libsqlite3.dylib in Frameworks */,
				2CE4100B1AB6F8DA00234135 /* MobileCoreServices.framework in Frameworks */,
				2CE410091AB6F8BD00234135 /* SystemConfiguration.framework in Frameworks */,
				2CE410041AB6F6A500234135 /* Bolts.framework in Frameworks */,
				2CE410051AB6F6A500234135 /* Parse.framework in Frameworks */,
				2CB7956B1AB606E600B982C9 /* PixateFreestyle.framework in Frameworks */,
			);
			runOnlyForDeploymentPostprocessing = 0;
		};
/* End PBXFrameworksBuildPhase section */

/* Begin PBXGroup section */
		12C344E625F6E44CE6E86FFC /* Pods */ = {
			isa = PBXGroup;
			children = (
				4709844339A5F1D177F671A8 /* Pods.debug.xcconfig */,
				877D9DAD7638C40F1CD0945B /* Pods.release.xcconfig */,
			);
			name = Pods;
			sourceTree = "<group>";
		};
		2CB795241AB5F66000B982C9 = {
			isa = PBXGroup;
			children = (
				2CE410121AB70D2700234135 /* MBProgressHUD */,
				2CE40FD51AB6F12300234135 /* IQKeyBoardManager */,
				2CB7952F1AB5F66000B982C9 /* v-Channel */,
				2CB795561AB5F90E00B982C9 /* Resources */,
				2CB795301AB5F66000B982C9 /* Supporting Files */,
				2CB7956C1AB606FC00B982C9 /* Additional Frameworks */,
				2CB7952E1AB5F66000B982C9 /* Products */,
				12C344E625F6E44CE6E86FFC /* Pods */,
			);
			sourceTree = "<group>";
		};
		2CB7952E1AB5F66000B982C9 /* Products */ = {
			isa = PBXGroup;
			children = (
				2CB7952D1AB5F66000B982C9 /* v-Channel.app */,
			);
			name = Products;
			sourceTree = "<group>";
		};
		2CB7952F1AB5F66000B982C9 /* v-Channel */ = {
			isa = PBXGroup;
			children = (
				2CE4100E1AB6FB7E00234135 /* Storage */,
				2CB795571AB5F9BD00B982C9 /* Video Call */,
				2CB7956F1AB6205100B982C9 /* ContactsController.h */,
				2CB795701AB6205100B982C9 /* ContactsController.m */,
				2CE410161AB71DBF00234135 /* AddContactController.h */,
				2CE410171AB71DBF00234135 /* AddContactController.m */,
				2CE40FD21AB6E76200234135 /* ProfileController.h */,
				2CE40FD31AB6E76200234135 /* ProfileController.m */,
				2CE4102D1AB76D6D00234135 /* CallController.h */,
				2CE4102E1AB76D6D00234135 /* CallController.m */,
				2CB795341AB5F66000B982C9 /* AppDelegate.h */,
				2CB795351AB5F66000B982C9 /* AppDelegate.m */,
			);
			path = "v-Channel";
			sourceTree = "<group>";
		};
		2CB795301AB5F66000B982C9 /* Supporting Files */ = {
			isa = PBXGroup;
			children = (
				2CB795311AB5F66000B982C9 /* Info.plist */,
				2CB795321AB5F66000B982C9 /* main.m */,
			);
			name = "Supporting Files";
			path = "v-Channel";
			sourceTree = "<group>";
		};
		2CB795561AB5F90E00B982C9 /* Resources */ = {
			isa = PBXGroup;
			children = (
				2CE410611AB788A400234135 /* sounds */,
				2CE410301AB782C800234135 /* animation */,
				2CB7956D1AB6075700B982C9 /* default.css */,
				2CB7953A1AB5F66000B982C9 /* Main.storyboard */,
				2CB7953D1AB5F66000B982C9 /* Images.xcassets */,
				2CB7953F1AB5F66000B982C9 /* LaunchScreen.xib */,
			);
			name = Resources;
			path = "v-Channel";
			sourceTree = "<group>";
		};
		2CB795571AB5F9BD00B982C9 /* Video Call */ = {
			isa = PBXGroup;
			children = (
				2CB795581AB5F9D100B982C9 /* VideoController.h */,
				2CB795591AB5F9D100B982C9 /* VideoController.m */,
				2CB7955A1AB5F9D100B982C9 /* Camera.h */,
				2CB7955B1AB5F9D100B982C9 /* Camera.m */,
				2CB7955C1AB5F9D100B982C9 /* DragView.h */,
				2CB7955D1AB5F9D100B982C9 /* DragView.m */,
				2CB7955E1AB5F9D100B982C9 /* VideoLayerView.h */,
				2CB7955F1AB5F9D100B982C9 /* VideoLayerView.m */,
				2CB795601AB5F9D100B982C9 /* VTDecoder.h */,
				2CB795611AB5F9D100B982C9 /* VTDecoder.m */,
				2CB795621AB5F9D100B982C9 /* VTEncoder.h */,
				2CB795631AB5F9D100B982C9 /* VTEncoder.m */,
			);
			name = "Video Call";
			sourceTree = "<group>";
		};
		2CB7956C1AB606FC00B982C9 /* Additional Frameworks */ = {
			isa = PBXGroup;
			children = (
				009ACA1DC0EEF368381BB266 /* libPods.a */,
				2CE4100C1AB6F95100234135 /* libz.dylib */,
				2CE410061AB6F86E00234135 /* libsqlite3.dylib */,
				2CE4102A1AB7636200234135 /* Accounts.framework */,
				2CE410281AB762A900234135 /* StoreKit.framework */,
				2CE410261AB7628100234135 /* Social.framework */,
				2CE410241AB7620F00234135 /* ParseFacebookUtils.framework */,
				2CE410221AB761EB00234135 /* ParseUI.framework */,
				2CE410021AB6F6A500234135 /* Bolts.framework */,
				2CE410031AB6F6A500234135 /* Parse.framework */,
				2CB7956A1AB606E600B982C9 /* PixateFreestyle.framework */,
				2CE4100A1AB6F8DA00234135 /* MobileCoreServices.framework */,
				2CE410081AB6F8BD00234135 /* SystemConfiguration.framework */,
			);
			name = "Additional Frameworks";
			sourceTree = "<group>";
		};
		2CE40FD51AB6F12300234135 /* IQKeyBoardManager */ = {
			isa = PBXGroup;
			children = (
				2CE40FD61AB6F12300234135 /* Categories */,
				2CE40FDD1AB6F12300234135 /* Constants */,
				2CE40FE01AB6F12300234135 /* IQKeyboardManager.h */,
				2CE40FE11AB6F12300234135 /* IQKeyboardManager.m */,
				2CE40FE21AB6F12300234135 /* IQKeyboardReturnKeyHandler.h */,
				2CE40FE31AB6F12300234135 /* IQKeyboardReturnKeyHandler.m */,
				2CE40FE41AB6F12300234135 /* IQSegmentedNextPrevious */,
				2CE40FE71AB6F12300234135 /* IQTextView */,
				2CE40FEA1AB6F12300234135 /* IQToolbar */,
				2CE40FF31AB6F12300234135 /* KeyboardManager.h */,
				2CE40FF41AB6F12300234135 /* Resources */,
			);
			name = IQKeyBoardManager;
			path = IQKeyboardManager/IQKeyBoardManager;
			sourceTree = "<group>";
		};
		2CE40FD61AB6F12300234135 /* Categories */ = {
			isa = PBXGroup;
			children = (
				2CE40FD71AB6F12300234135 /* IQNSArray+Sort.h */,
				2CE40FD81AB6F12300234135 /* IQNSArray+Sort.m */,
				2CE40FD91AB6F12300234135 /* IQUIView+Hierarchy.h */,
				2CE40FDA1AB6F12300234135 /* IQUIView+Hierarchy.m */,
				2CE40FDB1AB6F12300234135 /* IQUIWindow+Hierarchy.h */,
				2CE40FDC1AB6F12300234135 /* IQUIWindow+Hierarchy.m */,
			);
			path = Categories;
			sourceTree = "<group>";
		};
		2CE40FDD1AB6F12300234135 /* Constants */ = {
			isa = PBXGroup;
			children = (
				2CE40FDE1AB6F12300234135 /* IQKeyboardManagerConstants.h */,
				2CE40FDF1AB6F12300234135 /* IQKeyboardManagerConstantsInternal.h */,
			);
			path = Constants;
			sourceTree = "<group>";
		};
		2CE40FE41AB6F12300234135 /* IQSegmentedNextPrevious */ = {
			isa = PBXGroup;
			children = (
				2CE40FE51AB6F12300234135 /* IQSegmentedNextPrevious.h */,
				2CE40FE61AB6F12300234135 /* IQSegmentedNextPrevious.m */,
			);
			path = IQSegmentedNextPrevious;
			sourceTree = "<group>";
		};
		2CE40FE71AB6F12300234135 /* IQTextView */ = {
			isa = PBXGroup;
			children = (
				2CE40FE81AB6F12300234135 /* IQTextView.h */,
				2CE40FE91AB6F12300234135 /* IQTextView.m */,
			);
			path = IQTextView;
			sourceTree = "<group>";
		};
		2CE40FEA1AB6F12300234135 /* IQToolbar */ = {
			isa = PBXGroup;
			children = (
				2CE40FEB1AB6F12300234135 /* IQBarButtonItem.h */,
				2CE40FEC1AB6F12300234135 /* IQBarButtonItem.m */,
				2CE40FED1AB6F12300234135 /* IQTitleBarButtonItem.h */,
				2CE40FEE1AB6F12300234135 /* IQTitleBarButtonItem.m */,
				2CE40FEF1AB6F12300234135 /* IQToolbar.h */,
				2CE40FF01AB6F12300234135 /* IQToolbar.m */,
				2CE40FF11AB6F12300234135 /* IQUIView+IQKeyboardToolbar.h */,
				2CE40FF21AB6F12300234135 /* IQUIView+IQKeyboardToolbar.m */,
			);
			path = IQToolbar;
			sourceTree = "<group>";
		};
		2CE40FF41AB6F12300234135 /* Resources */ = {
			isa = PBXGroup;
			children = (
				2CE40FF51AB6F12300234135 /* IQKeyboardManager.bundle */,
			);
			path = Resources;
			sourceTree = "<group>";
		};
		2CE4100E1AB6FB7E00234135 /* Storage */ = {
			isa = PBXGroup;
			children = (
				2CE4100F1AB6FB9B00234135 /* Storage.h */,
				2CE410101AB6FB9B00234135 /* Storage.m */,
				2CE410191AB7413E00234135 /* ContactModel.xcdatamodeld */,
				2CE4101C1AB7425200234135 /* Contact.h */,
				2CE4101D1AB7425200234135 /* Contact.m */,
			);
			name = Storage;
			sourceTree = "<group>";
		};
		2CE410121AB70D2700234135 /* MBProgressHUD */ = {
			isa = PBXGroup;
			children = (
				2CE410131AB70D4500234135 /* MBProgressHUD.h */,
				2CE410141AB70D4500234135 /* MBProgressHUD.m */,
			);
			name = MBProgressHUD;
			sourceTree = "<group>";
		};
		2CE410301AB782C800234135 /* animation */ = {
			isa = PBXGroup;
			children = (
				2CE410311AB782C800234135 /* tmp-0.gif */,
				2CE410321AB782C800234135 /* tmp-1.gif */,
				2CE410331AB782C800234135 /* tmp-10.gif */,
				2CE410341AB782C800234135 /* tmp-11.gif */,
				2CE410351AB782C800234135 /* tmp-12.gif */,
				2CE410361AB782C800234135 /* tmp-13.gif */,
				2CE410371AB782C800234135 /* tmp-14.gif */,
				2CE410381AB782C800234135 /* tmp-15.gif */,
				2CE410391AB782C800234135 /* tmp-16.gif */,
				2CE4103A1AB782C800234135 /* tmp-17.gif */,
				2CE4103B1AB782C800234135 /* tmp-18.gif */,
				2CE4103C1AB782C800234135 /* tmp-19.gif */,
				2CE4103D1AB782C800234135 /* tmp-2.gif */,
				2CE4103E1AB782C800234135 /* tmp-20.gif */,
				2CE4103F1AB782C800234135 /* tmp-21.gif */,
				2CE410401AB782C800234135 /* tmp-22.gif */,
				2CE410411AB782C800234135 /* tmp-23.gif */,
				2CE410421AB782C800234135 /* tmp-3.gif */,
				2CE410431AB782C800234135 /* tmp-4.gif */,
				2CE410441AB782C800234135 /* tmp-5.gif */,
				2CE410451AB782C800234135 /* tmp-6.gif */,
				2CE410461AB782C800234135 /* tmp-7.gif */,
				2CE410471AB782C800234135 /* tmp-8.gif */,
				2CE410481AB782C800234135 /* tmp-9.gif */,
			);
			path = animation;
			sourceTree = SOURCE_ROOT;
		};
		2CE410611AB788A400234135 /* sounds */ = {
			isa = PBXGroup;
			children = (
				2CE410621AB788A400234135 /* busy.wav */,
				2CE410631AB788A400234135 /* calling.wav */,
				2CE410641AB788A400234135 /* end_of_call.wav */,
				2CE410651AB788A400234135 /* ringtone.wav */,
			);
			path = sounds;
			sourceTree = SOURCE_ROOT;
		};
/* End PBXGroup section */

/* Begin PBXNativeTarget section */
		2CB7952C1AB5F66000B982C9 /* v-Channel */ = {
			isa = PBXNativeTarget;
			buildConfigurationList = 2CB795501AB5F66000B982C9 /* Build configuration list for PBXNativeTarget "v-Channel" */;
			buildPhases = (
				C6011FCDC310AF4F1C8BBD43 /* Check Pods Manifest.lock */,
				2CB795291AB5F66000B982C9 /* Sources */,
				2CB7952A1AB5F66000B982C9 /* Frameworks */,
				2CB7952B1AB5F66000B982C9 /* Resources */,
				A4801EA1703E379ABDAE9245 /* Copy Pods Resources */,
			);
			buildRules = (
			);
			dependencies = (
			);
			name = "v-Channel";
			productName = "v-Channel";
			productReference = 2CB7952D1AB5F66000B982C9 /* v-Channel.app */;
			productType = "com.apple.product-type.application";
		};
/* End PBXNativeTarget section */

/* Begin PBXProject section */
		2CB795251AB5F66000B982C9 /* Project object */ = {
			isa = PBXProject;
			attributes = {
				LastUpgradeCheck = 0620;
				ORGANIZATIONNAME = "Sergey Seitov";
				TargetAttributes = {
					2CB7952C1AB5F66000B982C9 = {
						CreatedOnToolsVersion = 6.2;
						DevelopmentTeam = 7TSVKXZ79P;
					};
				};
			};
			buildConfigurationList = 2CB795281AB5F66000B982C9 /* Build configuration list for PBXProject "v-Channel" */;
			compatibilityVersion = "Xcode 3.2";
			developmentRegion = English;
			hasScannedForEncodings = 0;
			knownRegions = (
				en,
				Base,
			);
			mainGroup = 2CB795241AB5F66000B982C9;
			productRefGroup = 2CB7952E1AB5F66000B982C9 /* Products */;
			projectDirPath = "";
			projectRoot = "";
			targets = (
				2CB7952C1AB5F66000B982C9 /* v-Channel */,
			);
		};
/* End PBXProject section */

/* Begin PBXResourcesBuildPhase section */
		2CB7952B1AB5F66000B982C9 /* Resources */ = {
			isa = PBXResourcesBuildPhase;
			buildActionMask = 2147483647;
			files = (
				2CE410011AB6F12300234135 /* IQKeyboardManager.bundle in Resources */,
				2CE410541AB782C800234135 /* tmp-19.gif in Resources */,
				2CE410581AB782C800234135 /* tmp-22.gif in Resources */,
				2CB7953C1AB5F66000B982C9 /* Main.storyboard in Resources */,
				2CE410521AB782C800234135 /* tmp-17.gif in Resources */,
				2CE4104A1AB782C800234135 /* tmp-1.gif in Resources */,
				2CE410511AB782C800234135 /* tmp-16.gif in Resources */,
				2CE4105D1AB782C800234135 /* tmp-6.gif in Resources */,
				2CE4105E1AB782C800234135 /* tmp-7.gif in Resources */,
				2CE410591AB782C800234135 /* tmp-23.gif in Resources */,
				2CE410531AB782C800234135 /* tmp-18.gif in Resources */,
				2CE410571AB782C800234135 /* tmp-21.gif in Resources */,
				2CB795411AB5F66000B982C9 /* LaunchScreen.xib in Resources */,
				2CE410671AB788A400234135 /* calling.wav in Resources */,
				2CE4105A1AB782C800234135 /* tmp-3.gif in Resources */,
				2CB7953E1AB5F66000B982C9 /* Images.xcassets in Resources */,
				2CE410661AB788A400234135 /* busy.wav in Resources */,
				2CE410681AB788A400234135 /* end_of_call.wav in Resources */,
				2CE410561AB782C800234135 /* tmp-20.gif in Resources */,
				2CE4104F1AB782C800234135 /* tmp-14.gif in Resources */,
				2CE410691AB788A400234135 /* ringtone.wav in Resources */,
				2CE4104E1AB782C800234135 /* tmp-13.gif in Resources */,
				2CE4104C1AB782C800234135 /* tmp-11.gif in Resources */,
				2CE4104B1AB782C800234135 /* tmp-10.gif in Resources */,
				2CE4104D1AB782C800234135 /* tmp-12.gif in Resources */,
				2CE410601AB782C800234135 /* tmp-9.gif in Resources */,
				2CB7956E1AB6075700B982C9 /* default.css in Resources */,
				2CE410491AB782C800234135 /* tmp-0.gif in Resources */,
				2CE4105F1AB782C800234135 /* tmp-8.gif in Resources */,
				2CE410501AB782C800234135 /* tmp-15.gif in Resources */,
				2CE410551AB782C800234135 /* tmp-2.gif in Resources */,
				2CE4105B1AB782C800234135 /* tmp-4.gif in Resources */,
				2CE4105C1AB782C800234135 /* tmp-5.gif in Resources */,
			);
			runOnlyForDeploymentPostprocessing = 0;
		};
/* End PBXResourcesBuildPhase section */

/* Begin PBXShellScriptBuildPhase section */
		A4801EA1703E379ABDAE9245 /* Copy Pods Resources */ = {
			isa = PBXShellScriptBuildPhase;
			buildActionMask = 2147483647;
			files = (
			);
			inputPaths = (
			);
			name = "Copy Pods Resources";
			outputPaths = (
			);
			runOnlyForDeploymentPostprocessing = 0;
			shellPath = /bin/sh;
			shellScript = "\"${SRCROOT}/Pods/Target Support Files/Pods/Pods-resources.sh\"\n";
			showEnvVarsInLog = 0;
		};
		C6011FCDC310AF4F1C8BBD43 /* Check Pods Manifest.lock */ = {
			isa = PBXShellScriptBuildPhase;
			buildActionMask = 2147483647;
			files = (
			);
			inputPaths = (
			);
			name = "Check Pods Manifest.lock";
			outputPaths = (
			);
			runOnlyForDeploymentPostprocessing = 0;
			shellPath = /bin/sh;
			shellScript = "diff \"${PODS_ROOT}/../Podfile.lock\" \"${PODS_ROOT}/Manifest.lock\" > /dev/null\nif [[ $? != 0 ]] ; then\n    cat << EOM\nerror: The sandbox is not in sync with the Podfile.lock. Run 'pod install' or update your CocoaPods installation.\nEOM\n    exit 1\nfi\n";
			showEnvVarsInLog = 0;
		};
/* End PBXShellScriptBuildPhase section */

/* Begin PBXSourcesBuildPhase section */
		2CB795291AB5F66000B982C9 /* Sources */ = {
			isa = PBXSourcesBuildPhase;
			buildActionMask = 2147483647;
			files = (
				2CB795691AB5F9D100B982C9 /* VTEncoder.m in Sources */,
				2CE40FD41AB6E76200234135 /* ProfileController.m in Sources */,
				2CE410151AB70D4500234135 /* MBProgressHUD.m in Sources */,
				2CE40FFE1AB6F12300234135 /* IQTitleBarButtonItem.m in Sources */,
				2CE40FF81AB6F12300234135 /* IQUIWindow+Hierarchy.m in Sources */,
				2CE4102F1AB76D6D00234135 /* CallController.m in Sources */,
				2CB795651AB5F9D100B982C9 /* Camera.m in Sources */,
				2CB795711AB6205100B982C9 /* ContactsController.m in Sources */,
				2CE40FFC1AB6F12300234135 /* IQTextView.m in Sources */,
				2CE40FF71AB6F12300234135 /* IQUIView+Hierarchy.m in Sources */,
				2CE40FFB1AB6F12300234135 /* IQSegmentedNextPrevious.m in Sources */,
				2CE410181AB71DBF00234135 /* AddContactController.m in Sources */,
				2CE40FFD1AB6F12300234135 /* IQBarButtonItem.m in Sources */,
				2CE410001AB6F12300234135 /* IQUIView+IQKeyboardToolbar.m in Sources */,
				2CE410111AB6FB9B00234135 /* Storage.m in Sources */,
				2CB795361AB5F66000B982C9 /* AppDelegate.m in Sources */,
				2CB795331AB5F66000B982C9 /* main.m in Sources */,
				2CE40FF91AB6F12300234135 /* IQKeyboardManager.m in Sources */,
				2CB795641AB5F9D100B982C9 /* VideoController.m in Sources */,
				2CE4101E1AB7425200234135 /* Contact.m in Sources */,
				2CE40FFA1AB6F12300234135 /* IQKeyboardReturnKeyHandler.m in Sources */,
				2CE40FFF1AB6F12300234135 /* IQToolbar.m in Sources */,
				2CE4101B1AB7413E00234135 /* ContactModel.xcdatamodeld in Sources */,
				2CB795671AB5F9D100B982C9 /* VideoLayerView.m in Sources */,
				2CB795681AB5F9D100B982C9 /* VTDecoder.m in Sources */,
				2CB795661AB5F9D100B982C9 /* DragView.m in Sources */,
				2CE40FF61AB6F12300234135 /* IQNSArray+Sort.m in Sources */,
			);
			runOnlyForDeploymentPostprocessing = 0;
		};
/* End PBXSourcesBuildPhase section */

/* Begin PBXVariantGroup section */
		2CB7953A1AB5F66000B982C9 /* Main.storyboard */ = {
			isa = PBXVariantGroup;
			children = (
				2CB7953B1AB5F66000B982C9 /* Base */,
			);
			name = Main.storyboard;
			sourceTree = "<group>";
		};
		2CB7953F1AB5F66000B982C9 /* LaunchScreen.xib */ = {
			isa = PBXVariantGroup;
			children = (
				2CB795401AB5F66000B982C9 /* Base */,
			);
			name = LaunchScreen.xib;
			sourceTree = "<group>";
		};
/* End PBXVariantGroup section */

/* Begin XCBuildConfiguration section */
		2CB7954E1AB5F66000B982C9 /* Debug */ = {
			isa = XCBuildConfiguration;
			buildSettings = {
				ALWAYS_SEARCH_USER_PATHS = NO;
				CLANG_CXX_LANGUAGE_STANDARD = "gnu++0x";
				CLANG_CXX_LIBRARY = "libc++";
				CLANG_ENABLE_MODULES = YES;
				CLANG_ENABLE_OBJC_ARC = YES;
				CLANG_WARN_BOOL_CONVERSION = YES;
				CLANG_WARN_CONSTANT_CONVERSION = YES;
				CLANG_WARN_DIRECT_OBJC_ISA_USAGE = YES_ERROR;
				CLANG_WARN_EMPTY_BODY = YES;
				CLANG_WARN_ENUM_CONVERSION = YES;
				CLANG_WARN_INT_CONVERSION = YES;
				CLANG_WARN_OBJC_ROOT_CLASS = YES_ERROR;
				CLANG_WARN_UNREACHABLE_CODE = YES;
				CLANG_WARN__DUPLICATE_METHOD_MATCH = YES;
				"CODE_SIGN_IDENTITY[sdk=iphoneos*]" = "iPhone Developer";
				COPY_PHASE_STRIP = NO;
				ENABLE_STRICT_OBJC_MSGSEND = YES;
				GCC_C_LANGUAGE_STANDARD = gnu99;
				GCC_DYNAMIC_NO_PIC = NO;
				GCC_OPTIMIZATION_LEVEL = 0;
				GCC_PREPROCESSOR_DEFINITIONS = (
					"DEBUG=1",
					"$(inherited)",
				);
				GCC_SYMBOLS_PRIVATE_EXTERN = NO;
				GCC_WARN_64_TO_32_BIT_CONVERSION = YES;
				GCC_WARN_ABOUT_RETURN_TYPE = YES_ERROR;
				GCC_WARN_UNDECLARED_SELECTOR = YES;
				GCC_WARN_UNINITIALIZED_AUTOS = YES_AGGRESSIVE;
				GCC_WARN_UNUSED_FUNCTION = YES;
				GCC_WARN_UNUSED_VARIABLE = YES;
				IPHONEOS_DEPLOYMENT_TARGET = 8.0;
				MTL_ENABLE_DEBUG_INFO = YES;
				ONLY_ACTIVE_ARCH = YES;
				PROVISIONING_PROFILE = "618a8e0c-967f-45c4-9b87-53aa2962813c";
				SDKROOT = iphoneos;
				TARGETED_DEVICE_FAMILY = "1,2";
			};
			name = Debug;
		};
		2CB7954F1AB5F66000B982C9 /* Release */ = {
			isa = XCBuildConfiguration;
			buildSettings = {
				ALWAYS_SEARCH_USER_PATHS = NO;
				CLANG_CXX_LANGUAGE_STANDARD = "gnu++0x";
				CLANG_CXX_LIBRARY = "libc++";
				CLANG_ENABLE_MODULES = YES;
				CLANG_ENABLE_OBJC_ARC = YES;
				CLANG_WARN_BOOL_CONVERSION = YES;
				CLANG_WARN_CONSTANT_CONVERSION = YES;
				CLANG_WARN_DIRECT_OBJC_ISA_USAGE = YES_ERROR;
				CLANG_WARN_EMPTY_BODY = YES;
				CLANG_WARN_ENUM_CONVERSION = YES;
				CLANG_WARN_INT_CONVERSION = YES;
				CLANG_WARN_OBJC_ROOT_CLASS = YES_ERROR;
				CLANG_WARN_UNREACHABLE_CODE = YES;
				CLANG_WARN__DUPLICATE_METHOD_MATCH = YES;
				"CODE_SIGN_IDENTITY[sdk=iphoneos*]" = "iPhone Developer";
				COPY_PHASE_STRIP = NO;
				ENABLE_NS_ASSERTIONS = NO;
				ENABLE_STRICT_OBJC_MSGSEND = YES;
				GCC_C_LANGUAGE_STANDARD = gnu99;
				GCC_WARN_64_TO_32_BIT_CONVERSION = YES;
				GCC_WARN_ABOUT_RETURN_TYPE = YES_ERROR;
				GCC_WARN_UNDECLARED_SELECTOR = YES;
				GCC_WARN_UNINITIALIZED_AUTOS = YES_AGGRESSIVE;
				GCC_WARN_UNUSED_FUNCTION = YES;
				GCC_WARN_UNUSED_VARIABLE = YES;
				IPHONEOS_DEPLOYMENT_TARGET = 8.0;
				MTL_ENABLE_DEBUG_INFO = NO;
				PROVISIONING_PROFILE = "618a8e0c-967f-45c4-9b87-53aa2962813c";
				SDKROOT = iphoneos;
				TARGETED_DEVICE_FAMILY = "1,2";
				VALIDATE_PRODUCT = YES;
			};
			name = Release;
		};
		2CB795511AB5F66000B982C9 /* Debug */ = {
			isa = XCBuildConfiguration;
			baseConfigurationReference = 4709844339A5F1D177F671A8 /* Pods.debug.xcconfig */;
			buildSettings = {
				ASSETCATALOG_COMPILER_APPICON_NAME = AppIcon;
				CODE_SIGN_IDENTITY = "iPhone Developer";
				FRAMEWORK_SEARCH_PATHS = (
					"$(inherited)",
					/Users/sseitov/Documents/SDK/PixateFreestyle,
					/Users/sseitov/Documents/SDK/parse,
				);
				INFOPLIST_FILE = "v-Channel/Info.plist";
				LD_RUNPATH_SEARCH_PATHS = "$(inherited) @executable_path/Frameworks";
				PRODUCT_NAME = "$(TARGET_NAME)";
			};
			name = Debug;
		};
		2CB795521AB5F66000B982C9 /* Release */ = {
			isa = XCBuildConfiguration;
			baseConfigurationReference = 877D9DAD7638C40F1CD0945B /* Pods.release.xcconfig */;
			buildSettings = {
				ASSETCATALOG_COMPILER_APPICON_NAME = AppIcon;
				CODE_SIGN_IDENTITY = "iPhone Developer";
				FRAMEWORK_SEARCH_PATHS = (
					"$(inherited)",
					/Users/sseitov/Documents/SDK/PixateFreestyle,
					/Users/sseitov/Documents/SDK/parse,
				);
				INFOPLIST_FILE = "v-Channel/Info.plist";
				LD_RUNPATH_SEARCH_PATHS = "$(inherited) @executable_path/Frameworks";
				PRODUCT_NAME = "$(TARGET_NAME)";
			};
			name = Release;
		};
/* End XCBuildConfiguration section */

/* Begin XCConfigurationList section */
		2CB795281AB5F66000B982C9 /* Build configuration list for PBXProject "v-Channel" */ = {
			isa = XCConfigurationList;
			buildConfigurations = (
				2CB7954E1AB5F66000B982C9 /* Debug */,
				2CB7954F1AB5F66000B982C9 /* Release */,
			);
			defaultConfigurationIsVisible = 0;
			defaultConfigurationName = Release;
		};
		2CB795501AB5F66000B982C9 /* Build configuration list for PBXNativeTarget "v-Channel" */ = {
			isa = XCConfigurationList;
			buildConfigurations = (
				2CB795511AB5F66000B982C9 /* Debug */,
				2CB795521AB5F66000B982C9 /* Release */,
			);
			defaultConfigurationIsVisible = 0;
			defaultConfigurationName = Release;
		};
/* End XCConfigurationList section */

/* Begin XCVersionGroup section */
		2CE410191AB7413E00234135 /* ContactModel.xcdatamodeld */ = {
			isa = XCVersionGroup;
			children = (
				2CE4101A1AB7413E00234135 /* ContactModel.xcdatamodel */,
			);
			currentVersion = 2CE4101A1AB7413E00234135 /* ContactModel.xcdatamodel */;
			path = ContactModel.xcdatamodeld;
			sourceTree = "<group>";
			versionGroupType = wrapper.xcdatamodel;
		};
/* End XCVersionGroup section */
	};
	rootObject = 2CB795251AB5F66000B982C9 /* Project object */;
}
